
Microsoft Visual Studio Solution File, Format Version 12.00
# Visual Studio 14
VisualStudioVersion = 14.0.25123.0
MinimumVisualStudioVersion = 10.0.40219.1
Project("{2150E333-8FDC-42A3-9474-1A3956D46DE8}") = "1. Presentation", "1. Presentation", "{72D09955-ADFD-48BE-8DB3-98389D9BF652}"
EndProject
Project("{2150E333-8FDC-42A3-9474-1A3956D46DE8}") = "2. AppService", "2. AppService", "{BE2F6193-809B-422C-A17F-B04CAA23EA6C}"
EndProject
Project("{2150E333-8FDC-42A3-9474-1A3956D46DE8}") = "3. Application", "3. Application", "{60CDA342-C068-4B90-9971-B4212C49655F}"
EndProject
Project("{2150E333-8FDC-42A3-9474-1A3956D46DE8}") = "4. Domain", "4. Domain", "{8C128537-5850-4FF2-BF4E-A11F8CF45298}"
EndProject
Project("{2150E333-8FDC-42A3-9474-1A3956D46DE8}") = "5. Infra", "5. Infra", "{B9EB6680-BFFF-49FA-A1D0-DA0A58588251}"
EndProject
Project("{2150E333-8FDC-42A3-9474-1A3956D46DE8}") = "6. Model", "6. Model", "{99A28962-C8CF-4922-B679-005DE089293F}"
EndProject
Project("{FAE04EC0-301F-11D3-BF4B-00C04F79EFBC}") = "VoluntariosNaEscola.Domain", "VoluntariosNaEscola.Domain\VoluntariosNaEscola.Domain.csproj", "{B89459B1-847F-4F46-B585-35B2EE994CC3}"
EndProject
Global
	GlobalSection(SolutionConfigurationPlatforms) = preSolution
		Debug|Any CPU = Debug|Any CPU
		Release|Any CPU = Release|Any CPU
	EndGlobalSection
	GlobalSection(ProjectConfigurationPlatforms) = postSolution
		{B89459B1-847F-4F46-B585-35B2EE994CC3}.Debug|Any CPU.ActiveCfg = Debug|Any CPU
		{B89459B1-847F-4F46-B585-35B2EE994CC3}.Debug|Any CPU.Build.0 = Debug|Any CPU
		{B89459B1-847F-4F46-B585-35B2EE994CC3}.Release|Any CPU.ActiveCfg = Release|Any CPU
		{B89459B1-847F-4F46-B585-35B2EE994CC3}.Release|Any CPU.Build.0 = Release|Any CPU
	EndGlobalSection
	GlobalSection(SolutionProperties) = preSolution
		HideSolutionNode = FALSE
	EndGlobalSection
	GlobalSection(NestedProjects) = preSolution
		{B89459B1-847F-4F46-B585-35B2EE994CC3} = {8C128537-5850-4FF2-BF4E-A11F8CF45298}
	EndGlobalSection
EndGlobal
